// !$*UTF8*$!
{
	archiveVersion = 1;
	classes = {
	};
	objectVersion = 56;
	objects = {

/* Begin PBXBuildFile section */
		250CC1582B8B26C4001EDC35 /* OnTapGestureView.swift in Sources */ = {isa = PBXBuildFile; fileRef = 250CC1572B8B26C4001EDC35 /* OnTapGestureView.swift */; };
		25254D4C2A97FF0D00FA800F /* TeamsListView.swift in Sources */ = {isa = PBXBuildFile; fileRef = 25254D4B2A97FF0D00FA800F /* TeamsListView.swift */; };
		2530137E2B42A15800A93E66 /* BasicSheetView.swift in Sources */ = {isa = PBXBuildFile; fileRef = 2530137D2B42A15800A93E66 /* BasicSheetView.swift */; };
		2531B07D2B053B1200A400F6 /* StockMarketView.swift in Sources */ = {isa = PBXBuildFile; fileRef = 2531B07C2B053B1200A400F6 /* StockMarketView.swift */; };
		2531B07F2B05FB1C00A400F6 /* StockCardView.swift in Sources */ = {isa = PBXBuildFile; fileRef = 2531B07E2B05FB1C00A400F6 /* StockCardView.swift */; };
		2531B0812B05FF4500A400F6 /* StockMarketTrView.swift in Sources */ = {isa = PBXBuildFile; fileRef = 2531B0802B05FF4500A400F6 /* StockMarketTrView.swift */; };
		25382F8E2B50260A00008033 /* TextEditorView.swift in Sources */ = {isa = PBXBuildFile; fileRef = 25382F8D2B50260A00008033 /* TextEditorView.swift */; };
		25382F932B50546400008033 /* SofthackModel.swift in Sources */ = {isa = PBXBuildFile; fileRef = 25382F922B50546400008033 /* SofthackModel.swift */; };
		253C701A2ACB124B007EBB8B /* PreTabView.swift in Sources */ = {isa = PBXBuildFile; fileRef = 253C70192ACB124B007EBB8B /* PreTabView.swift */; };
		253C701D2ACB1A2B007EBB8B /* PreTabIndex.swift in Sources */ = {isa = PBXBuildFile; fileRef = 253C701C2ACB1A2B007EBB8B /* PreTabIndex.swift */; };
		255BF3872AA657220075BE95 /* SliderView.swift in Sources */ = {isa = PBXBuildFile; fileRef = 255BF3862AA657220075BE95 /* SliderView.swift */; };
		255BF3892AA67A8E0075BE95 /* StepperView.swift in Sources */ = {isa = PBXBuildFile; fileRef = 255BF3882AA67A8E0075BE95 /* StepperView.swift */; };
		255D4E4B2BACED3200A022C3 /* AsyncImageView.swift in Sources */ = {isa = PBXBuildFile; fileRef = 255D4E4A2BACED3200A022C3 /* AsyncImageView.swift */; };
		255D4E4D2BACFE3800A022C3 /* BackgroundMaterials.swift in Sources */ = {isa = PBXBuildFile; fileRef = 255D4E4C2BACFE3800A022C3 /* BackgroundMaterials.swift */; };
		255ECD842BBB7E65000BFA32 /* TabViewBadges.swift in Sources */ = {isa = PBXBuildFile; fileRef = 255ECD832BBB7E65000BFA32 /* TabViewBadges.swift */; };
		2562A99E2A9290E90097B9E2 /* DriversDetails.swift in Sources */ = {isa = PBXBuildFile; fileRef = 2562A99D2A9290E90097B9E2 /* DriversDetails.swift */; };
		2569E5C52A716B280079BF1D /* CardLayout.swift in Sources */ = {isa = PBXBuildFile; fileRef = 2569E5C42A716B280079BF1D /* CardLayout.swift */; };
		257192C82B9E71C3004557C4 /* AppStorage.swift in Sources */ = {isa = PBXBuildFile; fileRef = 257192C72B9E71C3004557C4 /* AppStorage.swift */; };
		2578774E2AD2FD8800228C95 /* F1ChartBarView.swift in Sources */ = {isa = PBXBuildFile; fileRef = 2578774D2AD2FD8800228C95 /* F1ChartBarView.swift */; };
		257C47D82B4E100100AC484D /* ContextMenuView.swift in Sources */ = {isa = PBXBuildFile; fileRef = 257C47D72B4E100100AC484D /* ContextMenuView.swift */; };
		2584DBEB2BB4E8B500330D62 /* ListSwipeActions.swift in Sources */ = {isa = PBXBuildFile; fileRef = 2584DBEA2BB4E8B500330D62 /* ListSwipeActions.swift */; };
		25953A092B11B7040004E753 /* LazyVGridView.swift in Sources */ = {isa = PBXBuildFile; fileRef = 25953A082B11B7040004E753 /* LazyVGridView.swift */; };
		259CCE942B8E9017009980C1 /* ObservedObjectStateObject.swift in Sources */ = {isa = PBXBuildFile; fileRef = 259CCE932B8E9017009980C1 /* ObservedObjectStateObject.swift */; };
		25A0E09F2B6D65000051858D /* DarkModeView.swift in Sources */ = {isa = PBXBuildFile; fileRef = 25A0E09E2B6D65000051858D /* DarkModeView.swift */; };
		25A523852A7C139F00C70ED9 /* MyButtonView.swift in Sources */ = {isa = PBXBuildFile; fileRef = 25A523842A7C139F00C70ED9 /* MyButtonView.swift */; };
		25A566E82A54862F0043BD45 /* StartingApp.swift in Sources */ = {isa = PBXBuildFile; fileRef = 25A566E72A54862F0043BD45 /* StartingApp.swift */; };
		25A566EA2A54862F0043BD45 /* ContentView.swift in Sources */ = {isa = PBXBuildFile; fileRef = 25A566E92A54862F0043BD45 /* ContentView.swift */; };
		25A566EC2A5486300043BD45 /* Assets.xcassets in Resources */ = {isa = PBXBuildFile; fileRef = 25A566EB2A5486300043BD45 /* Assets.xcassets */; };
		25A566EF2A5486300043BD45 /* Preview Assets.xcassets in Resources */ = {isa = PBXBuildFile; fileRef = 25A566EE2A5486300043BD45 /* Preview Assets.xcassets */; };
		25A9D7FD2A5DC5CE007B48DB /* CircleImageView.swift in Sources */ = {isa = PBXBuildFile; fileRef = 25A9D7FC2A5DC5CE007B48DB /* CircleImageView.swift */; };
		25B0D2242B18CABB009C2E12 /* StatePropertyView.swift in Sources */ = {isa = PBXBuildFile; fileRef = 25B0D2232B18CABB009C2E12 /* StatePropertyView.swift */; };
		25B0D2262B18FAAA009C2E12 /* AnimationView.swift in Sources */ = {isa = PBXBuildFile; fileRef = 25B0D2252B18FAAA009C2E12 /* AnimationView.swift */; };
		25B7B9AA2A82899D00833215 /* TextFieldView.swift in Sources */ = {isa = PBXBuildFile; fileRef = 25B7B9A92A82899D00833215 /* TextFieldView.swift */; };
		25BBD1302B4F406800AD029A /* TxtFldLoginPageView.swift in Sources */ = {isa = PBXBuildFile; fileRef = 25BBD12F2B4F406800AD029A /* TxtFldLoginPageView.swift */; };
		25BD37302ABB1AA100DE8562 /* showAlertView.swift in Sources */ = {isa = PBXBuildFile; fileRef = 25BD372F2ABB1AA100DE8562 /* showAlertView.swift */; };
		25CA89F82B4C772200039EC8 /* ActionSheetView.swift in Sources */ = {isa = PBXBuildFile; fileRef = 25CA89F72B4C772200039EC8 /* ActionSheetView.swift */; };
		25CE0A5C2A94C8DE00BF2639 /* CheckTheDriverView.swift in Sources */ = {isa = PBXBuildFile; fileRef = 25CE0A5B2A94C8DE00BF2639 /* CheckTheDriverView.swift */; };
		25D678002A607C9C0019F2BF /* Kingfisher in Frameworks */ = {isa = PBXBuildFile; productRef = 25D677FF2A607C9C0019F2BF /* Kingfisher */; };
		25D678022A607ECD0019F2BF /* ImagePackageAdd.swift in Sources */ = {isa = PBXBuildFile; fileRef = 25D678012A607ECD0019F2BF /* ImagePackageAdd.swift */; };
		25D678062A608B3F0019F2BF /* PilotProfileView.swift in Sources */ = {isa = PBXBuildFile; fileRef = 25D678052A608B3F0019F2BF /* PilotProfileView.swift */; };
		25DA9AFA2A8FCABC00F3E0C6 /* TabViewSelectedItem.swift in Sources */ = {isa = PBXBuildFile; fileRef = 25DA9AF92A8FCABC00F3E0C6 /* TabViewSelectedItem.swift */; };
		25DA9AFC2A8FCDAE00F3E0C6 /* CustomTabView.swift in Sources */ = {isa = PBXBuildFile; fileRef = 25DA9AFB2A8FCDAE00F3E0C6 /* CustomTabView.swift */; };
		25DAC2B32B45C1600053C9F9 /* SheetView.swift in Sources */ = {isa = PBXBuildFile; fileRef = 25DAC2B22B45C1600053C9F9 /* SheetView.swift */; };
		25DBD1922B83EE410016D932 /* IfLetGuard.swift in Sources */ = {isa = PBXBuildFile; fileRef = 25DBD1912B83EE410016D932 /* IfLetGuard.swift */; };
		25EA91662B2F2EAC00D5E9F7 /* AnimationTimingView.swift in Sources */ = {isa = PBXBuildFile; fileRef = 25EA91652B2F2EAC00D5E9F7 /* AnimationTimingView.swift */; };
		25EEAB872A9014A800EF5BA1 /* F1TeamsModel.swift in Sources */ = {isa = PBXBuildFile; fileRef = 25EEAB862A9014A800EF5BA1 /* F1TeamsModel.swift */; };
		25F33CBF2A70300400CCCDC5 /* WorkerCardView.swift in Sources */ = {isa = PBXBuildFile; fileRef = 25F33CBE2A70300400CCCDC5 /* WorkerCardView.swift */; };
		25F33CC12A70393300CCCDC5 /* WorkerCardModel.swift in Sources */ = {isa = PBXBuildFile; fileRef = 25F33CC02A70393300CCCDC5 /* WorkerCardModel.swift */; };
		25F986632B98A30F00DDF481 /* Tasks.swift in Sources */ = {isa = PBXBuildFile; fileRef = 25F986622B98A30F00DDF481 /* Tasks.swift */; };
		25F986692B98A72400DDF481 /* TasksModel.swift in Sources */ = {isa = PBXBuildFile; fileRef = 25F986682B98A72400DDF481 /* TasksModel.swift */; };
/* End PBXBuildFile section */

/* Begin PBXFileReference section */
		250CC1572B8B26C4001EDC35 /* OnTapGestureView.swift */ = {isa = PBXFileReference; lastKnownFileType = sourcecode.swift; path = OnTapGestureView.swift; sourceTree = "<group>"; };
		25254D4B2A97FF0D00FA800F /* TeamsListView.swift */ = {isa = PBXFileReference; lastKnownFileType = sourcecode.swift; path = TeamsListView.swift; sourceTree = "<group>"; };
		2530137D2B42A15800A93E66 /* BasicSheetView.swift */ = {isa = PBXFileReference; lastKnownFileType = sourcecode.swift; path = BasicSheetView.swift; sourceTree = "<group>"; };
		2531B07C2B053B1200A400F6 /* StockMarketView.swift */ = {isa = PBXFileReference; lastKnownFileType = sourcecode.swift; path = StockMarketView.swift; sourceTree = "<group>"; };
		2531B07E2B05FB1C00A400F6 /* StockCardView.swift */ = {isa = PBXFileReference; lastKnownFileType = sourcecode.swift; path = StockCardView.swift; sourceTree = "<group>"; };
		2531B0802B05FF4500A400F6 /* StockMarketTrView.swift */ = {isa = PBXFileReference; lastKnownFileType = sourcecode.swift; path = StockMarketTrView.swift; sourceTree = "<group>"; };
		25382F8D2B50260A00008033 /* TextEditorView.swift */ = {isa = PBXFileReference; lastKnownFileType = sourcecode.swift; path = TextEditorView.swift; sourceTree = "<group>"; };
		25382F922B50546400008033 /* SofthackModel.swift */ = {isa = PBXFileReference; lastKnownFileType = sourcecode.swift; path = SofthackModel.swift; sourceTree = "<group>"; };
		253C70192ACB124B007EBB8B /* PreTabView.swift */ = {isa = PBXFileReference; lastKnownFileType = sourcecode.swift; path = PreTabView.swift; sourceTree = "<group>"; };
		253C701C2ACB1A2B007EBB8B /* PreTabIndex.swift */ = {isa = PBXFileReference; lastKnownFileType = sourcecode.swift; path = PreTabIndex.swift; sourceTree = "<group>"; };
		255BF3862AA657220075BE95 /* SliderView.swift */ = {isa = PBXFileReference; lastKnownFileType = sourcecode.swift; path = SliderView.swift; sourceTree = "<group>"; };
		255BF3882AA67A8E0075BE95 /* StepperView.swift */ = {isa = PBXFileReference; lastKnownFileType = sourcecode.swift; path = StepperView.swift; sourceTree = "<group>"; };
		255D4E4A2BACED3200A022C3 /* AsyncImageView.swift */ = {isa = PBXFileReference; lastKnownFileType = sourcecode.swift; path = AsyncImageView.swift; sourceTree = "<group>"; };
		255D4E4C2BACFE3800A022C3 /* BackgroundMaterials.swift */ = {isa = PBXFileReference; lastKnownFileType = sourcecode.swift; path = BackgroundMaterials.swift; sourceTree = "<group>"; };
		255ECD832BBB7E65000BFA32 /* TabViewBadges.swift */ = {isa = PBXFileReference; lastKnownFileType = sourcecode.swift; path = TabViewBadges.swift; sourceTree = "<group>"; };
		2562A99D2A9290E90097B9E2 /* DriversDetails.swift */ = {isa = PBXFileReference; lastKnownFileType = sourcecode.swift; path = DriversDetails.swift; sourceTree = "<group>"; };
		2569E5C42A716B280079BF1D /* CardLayout.swift */ = {isa = PBXFileReference; lastKnownFileType = sourcecode.swift; path = CardLayout.swift; sourceTree = "<group>"; };
		257192C72B9E71C3004557C4 /* AppStorage.swift */ = {isa = PBXFileReference; lastKnownFileType = sourcecode.swift; path = AppStorage.swift; sourceTree = "<group>"; };
		2578774D2AD2FD8800228C95 /* F1ChartBarView.swift */ = {isa = PBXFileReference; lastKnownFileType = sourcecode.swift; path = F1ChartBarView.swift; sourceTree = "<group>"; };
		257C47D72B4E100100AC484D /* ContextMenuView.swift */ = {isa = PBXFileReference; lastKnownFileType = sourcecode.swift; path = ContextMenuView.swift; sourceTree = "<group>"; };
		2584DBEA2BB4E8B500330D62 /* ListSwipeActions.swift */ = {isa = PBXFileReference; lastKnownFileType = sourcecode.swift; path = ListSwipeActions.swift; sourceTree = "<group>"; };
		25953A082B11B7040004E753 /* LazyVGridView.swift */ = {isa = PBXFileReference; lastKnownFileType = sourcecode.swift; path = LazyVGridView.swift; sourceTree = "<group>"; };
		259CCE932B8E9017009980C1 /* ObservedObjectStateObject.swift */ = {isa = PBXFileReference; lastKnownFileType = sourcecode.swift; path = ObservedObjectStateObject.swift; sourceTree = "<group>"; };
		25A0E09E2B6D65000051858D /* DarkModeView.swift */ = {isa = PBXFileReference; lastKnownFileType = sourcecode.swift; path = DarkModeView.swift; sourceTree = "<group>"; };
		25A523842A7C139F00C70ED9 /* MyButtonView.swift */ = {isa = PBXFileReference; lastKnownFileType = sourcecode.swift; path = MyButtonView.swift; sourceTree = "<group>"; usesTabs = 0; };
		25A566E42A54862F0043BD45 /* Starting.app */ = {isa = PBXFileReference; explicitFileType = wrapper.application; includeInIndex = 0; path = Starting.app; sourceTree = BUILT_PRODUCTS_DIR; };
		25A566E72A54862F0043BD45 /* StartingApp.swift */ = {isa = PBXFileReference; lastKnownFileType = sourcecode.swift; path = StartingApp.swift; sourceTree = "<group>"; };
		25A566E92A54862F0043BD45 /* ContentView.swift */ = {isa = PBXFileReference; lastKnownFileType = sourcecode.swift; path = ContentView.swift; sourceTree = "<group>"; };
		25A566EB2A5486300043BD45 /* Assets.xcassets */ = {isa = PBXFileReference; lastKnownFileType = folder.assetcatalog; path = Assets.xcassets; sourceTree = "<group>"; };
		25A566EE2A5486300043BD45 /* Preview Assets.xcassets */ = {isa = PBXFileReference; lastKnownFileType = folder.assetcatalog; path = "Preview Assets.xcassets"; sourceTree = "<group>"; };
		25A9D7FC2A5DC5CE007B48DB /* CircleImageView.swift */ = {isa = PBXFileReference; lastKnownFileType = sourcecode.swift; path = CircleImageView.swift; sourceTree = "<group>"; };
		25B0D2232B18CABB009C2E12 /* StatePropertyView.swift */ = {isa = PBXFileReference; lastKnownFileType = sourcecode.swift; path = StatePropertyView.swift; sourceTree = "<group>"; };
		25B0D2252B18FAAA009C2E12 /* AnimationView.swift */ = {isa = PBXFileReference; lastKnownFileType = sourcecode.swift; path = AnimationView.swift; sourceTree = "<group>"; };
		25B7B9A92A82899D00833215 /* TextFieldView.swift */ = {isa = PBXFileReference; lastKnownFileType = sourcecode.swift; path = TextFieldView.swift; sourceTree = "<group>"; };
		25BBD12F2B4F406800AD029A /* TxtFldLoginPageView.swift */ = {isa = PBXFileReference; lastKnownFileType = sourcecode.swift; path = TxtFldLoginPageView.swift; sourceTree = "<group>"; };
		25BD372F2ABB1AA100DE8562 /* showAlertView.swift */ = {isa = PBXFileReference; lastKnownFileType = sourcecode.swift; path = showAlertView.swift; sourceTree = "<group>"; };
		25CA89F72B4C772200039EC8 /* ActionSheetView.swift */ = {isa = PBXFileReference; lastKnownFileType = sourcecode.swift; path = ActionSheetView.swift; sourceTree = "<group>"; };
		25CE0A5B2A94C8DE00BF2639 /* CheckTheDriverView.swift */ = {isa = PBXFileReference; lastKnownFileType = sourcecode.swift; path = CheckTheDriverView.swift; sourceTree = "<group>"; };
		25D678012A607ECD0019F2BF /* ImagePackageAdd.swift */ = {isa = PBXFileReference; lastKnownFileType = sourcecode.swift; path = ImagePackageAdd.swift; sourceTree = "<group>"; };
		25D678052A608B3F0019F2BF /* PilotProfileView.swift */ = {isa = PBXFileReference; lastKnownFileType = sourcecode.swift; path = PilotProfileView.swift; sourceTree = "<group>"; };
		25DA9AF92A8FCABC00F3E0C6 /* TabViewSelectedItem.swift */ = {isa = PBXFileReference; lastKnownFileType = sourcecode.swift; path = TabViewSelectedItem.swift; sourceTree = "<group>"; };
		25DA9AFB2A8FCDAE00F3E0C6 /* CustomTabView.swift */ = {isa = PBXFileReference; lastKnownFileType = sourcecode.swift; path = CustomTabView.swift; sourceTree = "<group>"; };
		25DAC2B22B45C1600053C9F9 /* SheetView.swift */ = {isa = PBXFileReference; lastKnownFileType = sourcecode.swift; path = SheetView.swift; sourceTree = "<group>"; };
		25DBD1912B83EE410016D932 /* IfLetGuard.swift */ = {isa = PBXFileReference; lastKnownFileType = sourcecode.swift; path = IfLetGuard.swift; sourceTree = "<group>"; };
		25EA91652B2F2EAC00D5E9F7 /* AnimationTimingView.swift */ = {isa = PBXFileReference; lastKnownFileType = sourcecode.swift; path = AnimationTimingView.swift; sourceTree = "<group>"; };
		25EEAB862A9014A800EF5BA1 /* F1TeamsModel.swift */ = {isa = PBXFileReference; lastKnownFileType = sourcecode.swift; path = F1TeamsModel.swift; sourceTree = "<group>"; };
		25F33CBE2A70300400CCCDC5 /* WorkerCardView.swift */ = {isa = PBXFileReference; lastKnownFileType = sourcecode.swift; path = WorkerCardView.swift; sourceTree = "<group>"; };
		25F33CC02A70393300CCCDC5 /* WorkerCardModel.swift */ = {isa = PBXFileReference; lastKnownFileType = sourcecode.swift; path = WorkerCardModel.swift; sourceTree = "<group>"; };
		25F986622B98A30F00DDF481 /* Tasks.swift */ = {isa = PBXFileReference; lastKnownFileType = sourcecode.swift; path = Tasks.swift; sourceTree = "<group>"; };
		25F986682B98A72400DDF481 /* TasksModel.swift */ = {isa = PBXFileReference; lastKnownFileType = sourcecode.swift; path = TasksModel.swift; sourceTree = "<group>"; };
/* End PBXFileReference section */

/* Begin PBXFrameworksBuildPhase section */
		25A566E12A54862F0043BD45 /* Frameworks */ = {
			isa = PBXFrameworksBuildPhase;
			buildActionMask = 2147483647;
			files = (
				25D678002A607C9C0019F2BF /* Kingfisher in Frameworks */,
			);
			runOnlyForDeploymentPostprocessing = 0;
		};
/* End PBXFrameworksBuildPhase section */

/* Begin PBXGroup section */
		25382F8F2B50520F00008033 /* ConcurrencySwift */ = {
			isa = PBXGroup;
			children = (
				25382F902B50524400008033 /* ConcurrencyModel */,
				25F986622B98A30F00DDF481 /* Tasks.swift */,
			);
			path = ConcurrencySwift;
			sourceTree = "<group>";
		};
		25382F902B50524400008033 /* ConcurrencyModel */ = {
			isa = PBXGroup;
			children = (
				25382F922B50546400008033 /* SofthackModel.swift */,
				25F986682B98A72400DDF481 /* TasksModel.swift */,
			);
			path = ConcurrencyModel;
			sourceTree = "<group>";
		};
		253C701B2ACB1A01007EBB8B /* ComponentData */ = {
			isa = PBXGroup;
			children = (
				253C701C2ACB1A2B007EBB8B /* PreTabIndex.swift */,
				25DBD1912B83EE410016D932 /* IfLetGuard.swift */,
			);
			path = ComponentData;
			sourceTree = "<group>";
		};
		25A566DB2A54862F0043BD45 = {
			isa = PBXGroup;
			children = (
				25A566E62A54862F0043BD45 /* Starting */,
				25A566E52A54862F0043BD45 /* Products */,
			);
			sourceTree = "<group>";
		};
		25A566E52A54862F0043BD45 /* Products */ = {
			isa = PBXGroup;
			children = (
				25A566E42A54862F0043BD45 /* Starting.app */,
			);
			name = Products;
			sourceTree = "<group>";
		};
		25A566E62A54862F0043BD45 /* Starting */ = {
			isa = PBXGroup;
			children = (
				25382F8F2B50520F00008033 /* ConcurrencySwift */,
				25F33CBC2A702FD500CCCDC5 /* Features */,
				25D678032A608AEF0019F2BF /* View */,
				25A566EB2A5486300043BD45 /* Assets.xcassets */,
				25D678012A607ECD0019F2BF /* ImagePackageAdd.swift */,
				25A566ED2A5486300043BD45 /* Preview Content */,
				25DA9AF92A8FCABC00F3E0C6 /* TabViewSelectedItem.swift */,
			);
			path = Starting;
			sourceTree = "<group>";
		};
		25A566ED2A5486300043BD45 /* Preview Content */ = {
			isa = PBXGroup;
			children = (
				25A566EE2A5486300043BD45 /* Preview Assets.xcassets */,
			);
			path = "Preview Content";
			sourceTree = "<group>";
		};
		25BD372E2ABB19E400DE8562 /* ComponentView */ = {
			isa = PBXGroup;
			children = (
				2531B07E2B05FB1C00A400F6 /* StockCardView.swift */,
				25A523842A7C139F00C70ED9 /* MyButtonView.swift */,
				25CA89F72B4C772200039EC8 /* ActionSheetView.swift */,
				255D4E4C2BACFE3800A022C3 /* BackgroundMaterials.swift */,
				259CCE932B8E9017009980C1 /* ObservedObjectStateObject.swift */,
				255ECD832BBB7E65000BFA32 /* TabViewBadges.swift */,
				255D4E4A2BACED3200A022C3 /* AsyncImageView.swift */,
				250CC1572B8B26C4001EDC35 /* OnTapGestureView.swift */,
				257192C72B9E71C3004557C4 /* AppStorage.swift */,
				25B7B9A92A82899D00833215 /* TextFieldView.swift */,
				2584DBEA2BB4E8B500330D62 /* ListSwipeActions.swift */,
				257C47D72B4E100100AC484D /* ContextMenuView.swift */,
				2530137D2B42A15800A93E66 /* BasicSheetView.swift */,
				25A9D7FC2A5DC5CE007B48DB /* CircleImageView.swift */,
				25A0E09E2B6D65000051858D /* DarkModeView.swift */,
				25382F8D2B50260A00008033 /* TextEditorView.swift */,
				25DA9AFB2A8FCDAE00F3E0C6 /* CustomTabView.swift */,
				25DAC2B22B45C1600053C9F9 /* SheetView.swift */,
				25BBD12F2B4F406800AD029A /* TxtFldLoginPageView.swift */,
				255BF3862AA657220075BE95 /* SliderView.swift */,
				25EA91652B2F2EAC00D5E9F7 /* AnimationTimingView.swift */,
				255BF3882AA67A8E0075BE95 /* StepperView.swift */,
				25BD372F2ABB1AA100DE8562 /* showAlertView.swift */,
				253C70192ACB124B007EBB8B /* PreTabView.swift */,
				2578774D2AD2FD8800228C95 /* F1ChartBarView.swift */,
				2531B07C2B053B1200A400F6 /* StockMarketView.swift */,
				2531B0802B05FF4500A400F6 /* StockMarketTrView.swift */,
				25953A082B11B7040004E753 /* LazyVGridView.swift */,
				25B0D2232B18CABB009C2E12 /* StatePropertyView.swift */,
				25B0D2252B18FAAA009C2E12 /* AnimationView.swift */,
			);
			path = ComponentView;
			sourceTree = "<group>";
		};
		25D678032A608AEF0019F2BF /* View */ = {
			isa = PBXGroup;
			children = (
				25A566E72A54862F0043BD45 /* StartingApp.swift */,
				25A566E92A54862F0043BD45 /* ContentView.swift */,
				253C701B2ACB1A01007EBB8B /* ComponentData */,
				25BD372E2ABB19E400DE8562 /* ComponentView */,
				25D678042A608B000019F2BF /* PilotPhotoCircle */,
				25CE0A5B2A94C8DE00BF2639 /* CheckTheDriverView.swift */,
				25254D4B2A97FF0D00FA800F /* TeamsListView.swift */,
			);
			path = View;
			sourceTree = "<group>";
		};
		25D678042A608B000019F2BF /* PilotPhotoCircle */ = {
			isa = PBXGroup;
			children = (
				25D678052A608B3F0019F2BF /* PilotProfileView.swift */,
			);
			path = PilotPhotoCircle;
			sourceTree = "<group>";
		};
		25F33CBC2A702FD500CCCDC5 /* Features */ = {
			isa = PBXGroup;
			children = (
				25F33CBD2A702FE200CCCDC5 /* ModelList */,
			);
			path = Features;
			sourceTree = "<group>";
		};
		25F33CBD2A702FE200CCCDC5 /* ModelList */ = {
			isa = PBXGroup;
			children = (
				25F33CBE2A70300400CCCDC5 /* WorkerCardView.swift */,
				25F33CC02A70393300CCCDC5 /* WorkerCardModel.swift */,
				2569E5C42A716B280079BF1D /* CardLayout.swift */,
				25EEAB862A9014A800EF5BA1 /* F1TeamsModel.swift */,
				2562A99D2A9290E90097B9E2 /* DriversDetails.swift */,
			);
			path = ModelList;
			sourceTree = "<group>";
		};
/* End PBXGroup section */

/* Begin PBXNativeTarget section */
		25A566E32A54862F0043BD45 /* Starting */ = {
			isa = PBXNativeTarget;
			buildConfigurationList = 25A566F22A5486300043BD45 /* Build configuration list for PBXNativeTarget "Starting" */;
			buildPhases = (
				25A566E02A54862F0043BD45 /* Sources */,
				25A566E12A54862F0043BD45 /* Frameworks */,
				25A566E22A54862F0043BD45 /* Resources */,
			);
			buildRules = (
			);
			dependencies = (
			);
			name = Starting;
			packageProductDependencies = (
				25D677FF2A607C9C0019F2BF /* Kingfisher */,
			);
			productName = Starting;
			productReference = 25A566E42A54862F0043BD45 /* Starting.app */;
			productType = "com.apple.product-type.application";
		};
/* End PBXNativeTarget section */

/* Begin PBXProject section */
		25A566DC2A54862F0043BD45 /* Project object */ = {
			isa = PBXProject;
			attributes = {
				BuildIndependentTargetsInParallel = 1;
				LastSwiftUpdateCheck = 1430;
				LastUpgradeCheck = 1500;
				TargetAttributes = {
					25A566E32A54862F0043BD45 = {
						CreatedOnToolsVersion = 14.3.1;
					};
				};
			};
			buildConfigurationList = 25A566DF2A54862F0043BD45 /* Build configuration list for PBXProject "Starting" */;
			compatibilityVersion = "Xcode 14.0";
			developmentRegion = en;
			hasScannedForEncodings = 0;
			knownRegions = (
				en,
				Base,
			);
			mainGroup = 25A566DB2A54862F0043BD45;
			packageReferences = (
				25D677FE2A607C9C0019F2BF /* XCRemoteSwiftPackageReference "Kingfisher" */,
			);
			productRefGroup = 25A566E52A54862F0043BD45 /* Products */;
			projectDirPath = "";
			projectRoot = "";
			targets = (
				25A566E32A54862F0043BD45 /* Starting */,
			);
		};
/* End PBXProject section */

/* Begin PBXResourcesBuildPhase section */
		25A566E22A54862F0043BD45 /* Resources */ = {
			isa = PBXResourcesBuildPhase;
			buildActionMask = 2147483647;
			files = (
				25A566EF2A5486300043BD45 /* Preview Assets.xcassets in Resources */,
				25A566EC2A5486300043BD45 /* Assets.xcassets in Resources */,
			);
			runOnlyForDeploymentPostprocessing = 0;
		};
/* End PBXResourcesBuildPhase section */

/* Begin PBXSourcesBuildPhase section */
		25A566E02A54862F0043BD45 /* Sources */ = {
			isa = PBXSourcesBuildPhase;
			buildActionMask = 2147483647;
			files = (
				25D678022A607ECD0019F2BF /* ImagePackageAdd.swift in Sources */,
				2531B07D2B053B1200A400F6 /* StockMarketView.swift in Sources */,
				25382F932B50546400008033 /* SofthackModel.swift in Sources */,
				25CA89F82B4C772200039EC8 /* ActionSheetView.swift in Sources */,
				257C47D82B4E100100AC484D /* ContextMenuView.swift in Sources */,
				25DAC2B32B45C1600053C9F9 /* SheetView.swift in Sources */,
				25A566EA2A54862F0043BD45 /* ContentView.swift in Sources */,
				25D678062A608B3F0019F2BF /* PilotProfileView.swift in Sources */,
				25BBD1302B4F406800AD029A /* TxtFldLoginPageView.swift in Sources */,
				2569E5C52A716B280079BF1D /* CardLayout.swift in Sources */,
				255BF3892AA67A8E0075BE95 /* StepperView.swift in Sources */,
				259CCE942B8E9017009980C1 /* ObservedObjectStateObject.swift in Sources */,
				255D4E4D2BACFE3800A022C3 /* BackgroundMaterials.swift in Sources */,
				2562A99E2A9290E90097B9E2 /* DriversDetails.swift in Sources */,
				25A0E09F2B6D65000051858D /* DarkModeView.swift in Sources */,
				253C701D2ACB1A2B007EBB8B /* PreTabIndex.swift in Sources */,
				25F986632B98A30F00DDF481 /* Tasks.swift in Sources */,
				25DA9AFC2A8FCDAE00F3E0C6 /* CustomTabView.swift in Sources */,
				2584DBEB2BB4E8B500330D62 /* ListSwipeActions.swift in Sources */,
				25382F8E2B50260A00008033 /* TextEditorView.swift in Sources */,
				25DBD1922B83EE410016D932 /* IfLetGuard.swift in Sources */,
				25A523852A7C139F00C70ED9 /* MyButtonView.swift in Sources */,
				2531B0812B05FF4500A400F6 /* StockMarketTrView.swift in Sources */,
				257192C82B9E71C3004557C4 /* AppStorage.swift in Sources */,
				25CE0A5C2A94C8DE00BF2639 /* CheckTheDriverView.swift in Sources */,
				25EA91662B2F2EAC00D5E9F7 /* AnimationTimingView.swift in Sources */,
				25EEAB872A9014A800EF5BA1 /* F1TeamsModel.swift in Sources */,
				25953A092B11B7040004E753 /* LazyVGridView.swift in Sources */,
				25B0D2242B18CABB009C2E12 /* StatePropertyView.swift in Sources */,
				255D4E4B2BACED3200A022C3 /* AsyncImageView.swift in Sources */,
				25DA9AFA2A8FCABC00F3E0C6 /* TabViewSelectedItem.swift in Sources */,
				25A9D7FD2A5DC5CE007B48DB /* CircleImageView.swift in Sources */,
				253C701A2ACB124B007EBB8B /* PreTabView.swift in Sources */,
				2530137E2B42A15800A93E66 /* BasicSheetView.swift in Sources */,
				2578774E2AD2FD8800228C95 /* F1ChartBarView.swift in Sources */,
				255BF3872AA657220075BE95 /* SliderView.swift in Sources */,
				25F986692B98A72400DDF481 /* TasksModel.swift in Sources */,
				255ECD842BBB7E65000BFA32 /* TabViewBadges.swift in Sources */,
				25B7B9AA2A82899D00833215 /* TextFieldView.swift in Sources */,
				25254D4C2A97FF0D00FA800F /* TeamsListView.swift in Sources */,
				25BD37302ABB1AA100DE8562 /* showAlertView.swift in Sources */,
				25F33CC12A70393300CCCDC5 /* WorkerCardModel.swift in Sources */,
				25F33CBF2A70300400CCCDC5 /* WorkerCardView.swift in Sources */,
				25B0D2262B18FAAA009C2E12 /* AnimationView.swift in Sources */,
				250CC1582B8B26C4001EDC35 /* OnTapGestureView.swift in Sources */,
				25A566E82A54862F0043BD45 /* StartingApp.swift in Sources */,
				2531B07F2B05FB1C00A400F6 /* StockCardView.swift in Sources */,
			);
			runOnlyForDeploymentPostprocessing = 0;
		};
/* End PBXSourcesBuildPhase section */

/* Begin XCBuildConfiguration section */
		25A566F02A5486300043BD45 /* Debug */ = {
			isa = XCBuildConfiguration;
			buildSettings = {
				ALWAYS_SEARCH_USER_PATHS = NO;
				CLANG_ANALYZER_NONNULL = YES;
				CLANG_ANALYZER_NUMBER_OBJECT_CONVERSION = YES_AGGRESSIVE;
				CLANG_CXX_LANGUAGE_STANDARD = "gnu++20";
				CLANG_ENABLE_MODULES = YES;
				CLANG_ENABLE_OBJC_ARC = YES;
				CLANG_ENABLE_OBJC_WEAK = YES;
				CLANG_WARN_BLOCK_CAPTURE_AUTORELEASING = YES;
				CLANG_WARN_BOOL_CONVERSION = YES;
				CLANG_WARN_COMMA = YES;
				CLANG_WARN_CONSTANT_CONVERSION = YES;
				CLANG_WARN_DEPRECATED_OBJC_IMPLEMENTATIONS = YES;
				CLANG_WARN_DIRECT_OBJC_ISA_USAGE = YES_ERROR;
				CLANG_WARN_DOCUMENTATION_COMMENTS = YES;
				CLANG_WARN_EMPTY_BODY = YES;
				CLANG_WARN_ENUM_CONVERSION = YES;
				CLANG_WARN_INFINITE_RECURSION = YES;
				CLANG_WARN_INT_CONVERSION = YES;
				CLANG_WARN_NON_LITERAL_NULL_CONVERSION = YES;
				CLANG_WARN_OBJC_IMPLICIT_RETAIN_SELF = YES;
				CLANG_WARN_OBJC_LITERAL_CONVERSION = YES;
				CLANG_WARN_OBJC_ROOT_CLASS = YES_ERROR;
				CLANG_WARN_QUOTED_INCLUDE_IN_FRAMEWORK_HEADER = YES;
				CLANG_WARN_RANGE_LOOP_ANALYSIS = YES;
				CLANG_WARN_STRICT_PROTOTYPES = YES;
				CLANG_WARN_SUSPICIOUS_MOVE = YES;
				CLANG_WARN_UNGUARDED_AVAILABILITY = YES_AGGRESSIVE;
				CLANG_WARN_UNREACHABLE_CODE = YES;
				CLANG_WARN__DUPLICATE_METHOD_MATCH = YES;
				COPY_PHASE_STRIP = NO;
				DEBUG_INFORMATION_FORMAT = dwarf;
				ENABLE_STRICT_OBJC_MSGSEND = YES;
				ENABLE_TESTABILITY = YES;
				ENABLE_USER_SCRIPT_SANDBOXING = YES;
				GCC_C_LANGUAGE_STANDARD = gnu11;
				GCC_DYNAMIC_NO_PIC = NO;
				GCC_NO_COMMON_BLOCKS = YES;
				GCC_OPTIMIZATION_LEVEL = 0;
				GCC_PREPROCESSOR_DEFINITIONS = (
					"DEBUG=1",
					"$(inherited)",
				);
				GCC_WARN_64_TO_32_BIT_CONVERSION = YES;
				GCC_WARN_ABOUT_RETURN_TYPE = YES_ERROR;
				GCC_WARN_UNDECLARED_SELECTOR = YES;
				GCC_WARN_UNINITIALIZED_AUTOS = YES_AGGRESSIVE;
				GCC_WARN_UNUSED_FUNCTION = YES;
				GCC_WARN_UNUSED_VARIABLE = YES;
				IPHONEOS_DEPLOYMENT_TARGET = 16.4;
				MTL_ENABLE_DEBUG_INFO = INCLUDE_SOURCE;
				MTL_FAST_MATH = YES;
				ONLY_ACTIVE_ARCH = YES;
				SDKROOT = iphoneos;
				SWIFT_ACTIVE_COMPILATION_CONDITIONS = DEBUG;
				SWIFT_OPTIMIZATION_LEVEL = "-Onone";
			};
			name = Debug;
		};
		25A566F12A5486300043BD45 /* Release */ = {
			isa = XCBuildConfiguration;
			buildSettings = {
				ALWAYS_SEARCH_USER_PATHS = NO;
				CLANG_ANALYZER_NONNULL = YES;
				CLANG_ANALYZER_NUMBER_OBJECT_CONVERSION = YES_AGGRESSIVE;
				CLANG_CXX_LANGUAGE_STANDARD = "gnu++20";
				CLANG_ENABLE_MODULES = YES;
				CLANG_ENABLE_OBJC_ARC = YES;
				CLANG_ENABLE_OBJC_WEAK = YES;
				CLANG_WARN_BLOCK_CAPTURE_AUTORELEASING = YES;
				CLANG_WARN_BOOL_CONVERSION = YES;
				CLANG_WARN_COMMA = YES;
				CLANG_WARN_CONSTANT_CONVERSION = YES;
				CLANG_WARN_DEPRECATED_OBJC_IMPLEMENTATIONS = YES;
				CLANG_WARN_DIRECT_OBJC_ISA_USAGE = YES_ERROR;
				CLANG_WARN_DOCUMENTATION_COMMENTS = YES;
				CLANG_WARN_EMPTY_BODY = YES;
				CLANG_WARN_ENUM_CONVERSION = YES;
				CLANG_WARN_INFINITE_RECURSION = YES;
				CLANG_WARN_INT_CONVERSION = YES;
				CLANG_WARN_NON_LITERAL_NULL_CONVERSION = YES;
				CLANG_WARN_OBJC_IMPLICIT_RETAIN_SELF = YES;
				CLANG_WARN_OBJC_LITERAL_CONVERSION = YES;
				CLANG_WARN_OBJC_ROOT_CLASS = YES_ERROR;
				CLANG_WARN_QUOTED_INCLUDE_IN_FRAMEWORK_HEADER = YES;
				CLANG_WARN_RANGE_LOOP_ANALYSIS = YES;
				CLANG_WARN_STRICT_PROTOTYPES = YES;
				CLANG_WARN_SUSPICIOUS_MOVE = YES;
				CLANG_WARN_UNGUARDED_AVAILABILITY = YES_AGGRESSIVE;
				CLANG_WARN_UNREACHABLE_CODE = YES;
				CLANG_WARN__DUPLICATE_METHOD_MATCH = YES;
				COPY_PHASE_STRIP = NO;
				DEBUG_INFORMATION_FORMAT = "dwarf-with-dsym";
				ENABLE_NS_ASSERTIONS = NO;
				ENABLE_STRICT_OBJC_MSGSEND = YES;
				ENABLE_USER_SCRIPT_SANDBOXING = YES;
				GCC_C_LANGUAGE_STANDARD = gnu11;
				GCC_NO_COMMON_BLOCKS = YES;
				GCC_WARN_64_TO_32_BIT_CONVERSION = YES;
				GCC_WARN_ABOUT_RETURN_TYPE = YES_ERROR;
				GCC_WARN_UNDECLARED_SELECTOR = YES;
				GCC_WARN_UNINITIALIZED_AUTOS = YES_AGGRESSIVE;
				GCC_WARN_UNUSED_FUNCTION = YES;
				GCC_WARN_UNUSED_VARIABLE = YES;
				IPHONEOS_DEPLOYMENT_TARGET = 16.4;
				MTL_ENABLE_DEBUG_INFO = NO;
				MTL_FAST_MATH = YES;
				SDKROOT = iphoneos;
				SWIFT_COMPILATION_MODE = wholemodule;
				SWIFT_OPTIMIZATION_LEVEL = "-O";
				VALIDATE_PRODUCT = YES;
			};
			name = Release;
		};
		25A566F32A5486300043BD45 /* Debug */ = {
			isa = XCBuildConfiguration;
			buildSettings = {
				ASSETCATALOG_COMPILER_APPICON_NAME = AppIcon;
				ASSETCATALOG_COMPILER_GLOBAL_ACCENT_COLOR_NAME = AccentColor;
				CODE_SIGN_STYLE = Automatic;
				CURRENT_PROJECT_VERSION = 1;
				DEVELOPMENT_ASSET_PATHS = "\"Starting/Preview Content\"";
				DEVELOPMENT_TEAM = CH9JNTBN75;
				ENABLE_PREVIEWS = YES;
				GENERATE_INFOPLIST_FILE = YES;
				INFOPLIST_KEY_UIApplicationSceneManifest_Generation = YES;
				INFOPLIST_KEY_UIApplicationSupportsIndirectInputEvents = YES;
				INFOPLIST_KEY_UILaunchScreen_Generation = YES;
				INFOPLIST_KEY_UISupportedInterfaceOrientations_iPad = "UIInterfaceOrientationPortrait UIInterfaceOrientationPortraitUpsideDown UIInterfaceOrientationLandscapeLeft UIInterfaceOrientationLandscapeRight";
				INFOPLIST_KEY_UISupportedInterfaceOrientations_iPhone = "UIInterfaceOrientationPortrait UIInterfaceOrientationLandscapeLeft UIInterfaceOrientationLandscapeRight";
				LD_RUNPATH_SEARCH_PATHS = (
					"$(inherited)",
					"@executable_path/Frameworks",
				);
				MARKETING_VERSION = 1.0;
				PRODUCT_BUNDLE_IDENTIFIER = muratisik.Starting;
				PRODUCT_NAME = "$(TARGET_NAME)";
				SWIFT_EMIT_LOC_STRINGS = YES;
				SWIFT_VERSION = 5.0;
				TARGETED_DEVICE_FAMILY = "1,2";
			};
			name = Debug;
		};
		25A566F42A5486300043BD45 /* Release */ = {
			isa = XCBuildConfiguration;
			buildSettings = {
				ASSETCATALOG_COMPILER_APPICON_NAME = AppIcon;
				ASSETCATALOG_COMPILER_GLOBAL_ACCENT_COLOR_NAME = AccentColor;
				CODE_SIGN_STYLE = Automatic;
				CURRENT_PROJECT_VERSION = 1;
				DEVELOPMENT_ASSET_PATHS = "\"Starting/Preview Content\"";
				DEVELOPMENT_TEAM = CH9JNTBN75;
				ENABLE_PREVIEWS = YES;
				GENERATE_INFOPLIST_FILE = YES;
				INFOPLIST_KEY_UIApplicationSceneManifest_Generation = YES;
				INFOPLIST_KEY_UIApplicationSupportsIndirectInputEvents = YES;
				INFOPLIST_KEY_UILaunchScreen_Generation = YES;
				INFOPLIST_KEY_UISupportedInterfaceOrientations_iPad = "UIInterfaceOrientationPortrait UIInterfaceOrientationPortraitUpsideDown UIInterfaceOrientationLandscapeLeft UIInterfaceOrientationLandscapeRight";
				INFOPLIST_KEY_UISupportedInterfaceOrientations_iPhone = "UIInterfaceOrientationPortrait UIInterfaceOrientationLandscapeLeft UIInterfaceOrientationLandscapeRight";
				LD_RUNPATH_SEARCH_PATHS = (
					"$(inherited)",
					"@executable_path/Frameworks",
				);
				MARKETING_VERSION = 1.0;
				PRODUCT_BUNDLE_IDENTIFIER = muratisik.Starting;
				PRODUCT_NAME = "$(TARGET_NAME)";
				SWIFT_EMIT_LOC_STRINGS = YES;
				SWIFT_VERSION = 5.0;
				TARGETED_DEVICE_FAMILY = "1,2";
			};
			name = Release;
		};
/* End XCBuildConfiguration section */

/* Begin XCConfigurationList section */
		25A566DF2A54862F0043BD45 /* Build configuration list for PBXProject "Starting" */ = {
			isa = XCConfigurationList;
			buildConfigurations = (
				25A566F02A5486300043BD45 /* Debug */,
				25A566F12A5486300043BD45 /* Release */,
			);
			defaultConfigurationIsVisible = 0;
			defaultConfigurationName = Release;
		};
		25A566F22A5486300043BD45 /* Build configuration list for PBXNativeTarget "Starting" */ = {
			isa = XCConfigurationList;
			buildConfigurations = (
				25A566F32A5486300043BD45 /* Debug */,
				25A566F42A5486300043BD45 /* Release */,
			);
			defaultConfigurationIsVisible = 0;
			defaultConfigurationName = Release;
		};
/* End XCConfigurationList section */

/* Begin XCRemoteSwiftPackageReference section */
		25D677FE2A607C9C0019F2BF /* XCRemoteSwiftPackageReference "Kingfisher" */ = {
			isa = XCRemoteSwiftPackageReference;
			repositoryURL = "https://github.com/onevcat/Kingfisher.git";
			requirement = {
				kind = upToNextMajorVersion;
				minimumVersion = 7.0.0;
			};
		};
/* End XCRemoteSwiftPackageReference section */

/* Begin XCSwiftPackageProductDependency section */
		25D677FF2A607C9C0019F2BF /* Kingfisher */ = {
			isa = XCSwiftPackageProductDependency;
			package = 25D677FE2A607C9C0019F2BF /* XCRemoteSwiftPackageReference "Kingfisher" */;
			productName = Kingfisher;
		};
/* End XCSwiftPackageProductDependency section */
	};
	rootObject = 25A566DC2A54862F0043BD45 /* Project object */;
}
